
Microsoft Visual Studio Solution File, Format Version 12.00
# Visual Studio Version 16
VisualStudioVersion = 16.0.30523.141
MinimumVisualStudioVersion = 10.0.40219.1
Project("{FAE04EC0-301F-11D3-BF4B-00C04F79EFBC}") = "AuctionSite.Ciminelli", "AuctionSite.Ciminelli\AuctionSite.Ciminelli.csproj", "{53A56027-680E-49CB-A919-9EBBA50338DA}"
EndProject
Global
	GlobalSection(SolutionConfigurationPlatforms) = preSolution
		Debug|Any CPU = Debug|Any CPU
		Release|Any CPU = Release|Any CPU
	EndGlobalSection
	GlobalSection(ProjectConfigurationPlatforms) = postSolution
		{53A56027-680E-49CB-A919-9EBBA50338DA}.Debug|Any CPU.ActiveCfg = Debug|Any CPU
		{53A56027-680E-49CB-A919-9EBBA50338DA}.Debug|Any CPU.Build.0 = Debug|Any CPU
		{53A56027-680E-49CB-A919-9EBBA50338DA}.Release|Any CPU.ActiveCfg = Release|Any CPU
		{53A56027-680E-49CB-A919-9EBBA50338DA}.Release|Any CPU.Build.0 = Release|Any CPU
	EndGlobalSection
	GlobalSection(SolutionProperties) = preSolution
		HideSolutionNode = FALSE
	EndGlobalSection
	GlobalSection(ExtensibilityGlobals) = postSolution
		SolutionGuid = {5E5CD34E-907A-4EC0-8186-D62B74154664}
	EndGlobalSection
EndGlobal
